
Microsoft Visual Studio Solution File, Format Version 12.00
# Visual Studio Version 16
VisualStudioVersion = 16.0.30517.126
MinimumVisualStudioVersion = 10.0.40219.1
Project("{FAE04EC0-301F-11D3-BF4B-00C04F79EFBC}") = "Практ 7", "Практ 7\Практ 7.csproj", "{7F952705-71BE-4F2C-8772-67E2F2DEFB62}"
EndProject
Project("{FAE04EC0-301F-11D3-BF4B-00C04F79EFBC}") = "Lib_2", "Lib_2\Lib_2.csproj", "{5DD0BF12-70D4-4136-B266-937667B51771}"
EndProject
Global
	GlobalSection(SolutionConfigurationPlatforms) = preSolution
		Debug|Any CPU = Debug|Any CPU
		Release|Any CPU = Release|Any CPU
	EndGlobalSection
	GlobalSection(ProjectConfigurationPlatforms) = postSolution
		{7F952705-71BE-4F2C-8772-67E2F2DEFB62}.Debug|Any CPU.ActiveCfg = Debug|Any CPU
		{7F952705-71BE-4F2C-8772-67E2F2DEFB62}.Debug|Any CPU.Build.0 = Debug|Any CPU
		{7F952705-71BE-4F2C-8772-67E2F2DEFB62}.Release|Any CPU.ActiveCfg = Release|Any CPU
		{7F952705-71BE-4F2C-8772-67E2F2DEFB62}.Release|Any CPU.Build.0 = Release|Any CPU
		{5DD0BF12-70D4-4136-B266-937667B51771}.Debug|Any CPU.ActiveCfg = Debug|Any CPU
		{5DD0BF12-70D4-4136-B266-937667B51771}.Debug|Any CPU.Build.0 = Debug|Any CPU
		{5DD0BF12-70D4-4136-B266-937667B51771}.Release|Any CPU.ActiveCfg = Release|Any CPU
		{5DD0BF12-70D4-4136-B266-937667B51771}.Release|Any CPU.Build.0 = Release|Any CPU
	EndGlobalSection
	GlobalSection(SolutionProperties) = preSolution
		HideSolutionNode = FALSE
	EndGlobalSection
	GlobalSection(ExtensibilityGlobals) = postSolution
		SolutionGuid = {BF52F267-DC35-4CFC-929C-C6B6210C64FC}
	EndGlobalSection
EndGlobal
